
Microsoft Visual Studio Solution File, Format Version 12.00
Project("{FAE04EC0-301F-11D3-BF4B-00C04F79EFBC}") = "flea-WebProj", "flea-WebProj\flea-WebProj.csproj", "{1FD99240-5371-4F96-A988-89C9C27D08BE}"
EndProject
Project("{FAE04EC0-301F-11D3-BF4B-00C04F79EFBC}") = "flea-WebProj.Tests", "flea-WebProj.Tests\flea-WebProj.Tests.csproj", "{819273A8-9712-4CE8-88A0-25CD47162F03}"
EndProject
Global
	GlobalSection(SolutionConfigurationPlatforms) = preSolution
		Debug|Any CPU = Debug|Any CPU
		Debug|x64 = Debug|x64
		Debug|x86 = Debug|x86
		Release|Any CPU = Release|Any CPU
		Release|x64 = Release|x64
		Release|x86 = Release|x86
	EndGlobalSection
	GlobalSection(ProjectConfigurationPlatforms) = postSolution
		{1FD99240-5371-4F96-A988-89C9C27D08BE}.Debug|Any CPU.ActiveCfg = Debug|Any CPU
		{1FD99240-5371-4F96-A988-89C9C27D08BE}.Debug|Any CPU.Build.0 = Debug|Any CPU
		{1FD99240-5371-4F96-A988-89C9C27D08BE}.Debug|x64.ActiveCfg = Debug|Any CPU
		{1FD99240-5371-4F96-A988-89C9C27D08BE}.Debug|x64.Build.0 = Debug|Any CPU
		{1FD99240-5371-4F96-A988-89C9C27D08BE}.Debug|x86.ActiveCfg = Debug|Any CPU
		{1FD99240-5371-4F96-A988-89C9C27D08BE}.Debug|x86.Build.0 = Debug|Any CPU
		{1FD99240-5371-4F96-A988-89C9C27D08BE}.Release|Any CPU.ActiveCfg = Release|Any CPU
		{1FD99240-5371-4F96-A988-89C9C27D08BE}.Release|Any CPU.Build.0 = Release|Any CPU
		{1FD99240-5371-4F96-A988-89C9C27D08BE}.Release|x64.ActiveCfg = Release|Any CPU
		{1FD99240-5371-4F96-A988-89C9C27D08BE}.Release|x64.Build.0 = Release|Any CPU
		{1FD99240-5371-4F96-A988-89C9C27D08BE}.Release|x86.ActiveCfg = Release|Any CPU
		{1FD99240-5371-4F96-A988-89C9C27D08BE}.Release|x86.Build.0 = Release|Any CPU
		{819273A8-9712-4CE8-88A0-25CD47162F03}.Debug|Any CPU.ActiveCfg = Debug|Any CPU
		{819273A8-9712-4CE8-88A0-25CD47162F03}.Debug|Any CPU.Build.0 = Debug|Any CPU
		{819273A8-9712-4CE8-88A0-25CD47162F03}.Debug|x64.ActiveCfg = Debug|Any CPU
		{819273A8-9712-4CE8-88A0-25CD47162F03}.Debug|x64.Build.0 = Debug|Any CPU
		{819273A8-9712-4CE8-88A0-25CD47162F03}.Debug|x86.ActiveCfg = Debug|Any CPU
		{819273A8-9712-4CE8-88A0-25CD47162F03}.Debug|x86.Build.0 = Debug|Any CPU
		{819273A8-9712-4CE8-88A0-25CD47162F03}.Release|Any CPU.ActiveCfg = Release|Any CPU
		{819273A8-9712-4CE8-88A0-25CD47162F03}.Release|Any CPU.Build.0 = Release|Any CPU
		{819273A8-9712-4CE8-88A0-25CD47162F03}.Release|x64.ActiveCfg = Release|Any CPU
		{819273A8-9712-4CE8-88A0-25CD47162F03}.Release|x64.Build.0 = Release|Any CPU
		{819273A8-9712-4CE8-88A0-25CD47162F03}.Release|x86.ActiveCfg = Release|Any CPU
		{819273A8-9712-4CE8-88A0-25CD47162F03}.Release|x86.Build.0 = Release|Any CPU
	EndGlobalSection
	GlobalSection(SolutionProperties) = preSolution
		HideSolutionNode = FALSE
	EndGlobalSection
EndGlobal
